dependencies:
  idf:
    component_hash: null
    source:
      type: idf
    version: 5.1.1
  lvgl/lvgl:
    component_hash: 948bff879a345149b83065535bbc4a026ce9f47498a22881e432a264b9098015
    source:
      service_url: https://api.components.espressif.com/
      type: service
    version: 8.3.11
manifest_hash: 7dcbaee877cf3be0b976657a10f7160a16c7bb56751e041e6393cf3edd7323e3
target: esp32c3
version: 1.0.0
