dependencies:
  espressif/esp_lcd_ssd1681:
    component_hash: 692a56d5ff07554e8e9e7b1abe2a811d0dab81fcd354dc08d12ce28cbbaf45e1
    source:
      service_url: https://api.components.espressif.com/
      type: service
    version: 0.1.0
  idf:
    component_hash: null
    source:
      type: idf
    version: 5.1.2
  lvgl/lvgl:
    component_hash: 948bff879a345149b83065535bbc4a026ce9f47498a22881e432a264b9098015
    source:
      service_url: https://api.components.espressif.com/
      type: service
    version: 8.3.11
  masuidrive/nimble-nordic-uart:
    component_hash: 80659307952a9ff6d8e539fe3e39aa10217247b366a3b158dca0e2cf488e8bc0
    source:
      service_url: https://api.components.espressif.com/
      type: service
    version: 1.0.3
manifest_hash: aeafa502375d1925e66d86fb237fed4eea2ba12745d9500d2aa000955cea758a
target: esp32c3
version: 1.0.0
